Microsoft Visual Studio Solution File, Format Version 12.00
# Visual Studio Version 17
VisualStudioVersion = 17.5.2.0
MinimumVisualStudioVersion = 10.0.40219.1
Project("{FAE04EC0-301F-11D3-BF4B-00C04F79EFBC}") = "OOPProje", "OOPProje.csproj", "{61CB1121-B09A-9DA6-D682-406974F470EE}"
EndProject
Global
	GlobalSection(SolutionConfigurationPlatforms) = preSolution
		Debug|Any CPU = Debug|Any CPU
		Release|Any CPU = Release|Any CPU
	EndGlobalSection
	GlobalSection(ProjectConfigurationPlatforms) = postSolution
		{61CB1121-B09A-9DA6-D682-406974F470EE}.Debug|Any CPU.ActiveCfg = Debug|Any CPU
		{61CB1121-B09A-9DA6-D682-406974F470EE}.Debug|Any CPU.Build.0 = Debug|Any CPU
		{61CB1121-B09A-9DA6-D682-406974F470EE}.Release|Any CPU.ActiveCfg = Release|Any CPU
		{61CB1121-B09A-9DA6-D682-406974F470EE}.Release|Any CPU.Build.0 = Release|Any CPU
	EndGlobalSection
	GlobalSection(SolutionProperties) = preSolution
		HideSolutionNode = FALSE
	EndGlobalSection
	GlobalSection(ExtensibilityGlobals) = postSolution
		SolutionGuid = {C5BE0569-BFE7-460E-856A-EA1B26CD09B7}
	EndGlobalSection
EndGlobal
